{
  "nodes": {
    "nixpkgs": {
      "locked": {
        "lastModified": 1657654771,
        "narHash": "sha256-uIGbt+rU89aTlSx8+4g9vKioWc8nmCCcaaFCNPHM07c=",
        "owner": "NixOS",
        "repo": "nixpkgs",
        "rev": "4aceab3cadf9fef6f70b9f6a9df964218650db0a",
        "type": "github"
      },
      "original": {
        "owner": "NixOS",
        "ref": "nixos-22.05",
        "repo": "nixpkgs",
        "type": "github"
      }
    },
    "nur": {
      "locked": {
        "lastModified": 1657726503,
        "narHash": "sha256-P1kAXenuRck+WqAN1mmGtUpMRImAsVYJgZqW4bQH6SA=",
        "owner": "nix-community",
        "repo": "NUR",
        "rev": "6d1d40a31d2328013c4973b56e08bb98d3f9d872",
        "type": "github"
      },
      "original": {
        "owner": "nix-community",
        "repo": "NUR",
        "type": "github"
      }
    },
    "root": {
      "inputs": {
        "nixpkgs": "nixpkgs",
        "nur": "nur"
      }
    }
  },
  "root": "root",
  "version": 7
}
